// !$*UTF8*$!
{
	archiveVersion = 1;
	classes = {
	};
	objectVersion = 55;
	objects = {

/* Begin PBXBuildFile section */
		52369FF628A3BB7200F9A699 /* AppDelegate.swift in Sources */ = {isa = PBXBuildFile; fileRef = 52369FF528A3BB7200F9A699 /* AppDelegate.swift */; };
		52369FF828A3BB7200F9A699 /* SceneDelegate.swift in Sources */ = {isa = PBXBuildFile; fileRef = 52369FF728A3BB7200F9A699 /* SceneDelegate.swift */; };
		52369FFF28A3BB7500F9A699 /* Assets.xcassets in Resources */ = {isa = PBXBuildFile; fileRef = 52369FFE28A3BB7500F9A699 /* Assets.xcassets */; };
		5236A00228A3BB7500F9A699 /* LaunchScreen.storyboard in Resources */ = {isa = PBXBuildFile; fileRef = 5236A00028A3BB7500F9A699 /* LaunchScreen.storyboard */; };
		5236A00B28A3BBE100F9A699 /* View.swift in Sources */ = {isa = PBXBuildFile; fileRef = 5236A00A28A3BBE100F9A699 /* View.swift */; };
		5236A00D28A3BBED00F9A699 /* Interactor.swift in Sources */ = {isa = PBXBuildFile; fileRef = 5236A00C28A3BBED00F9A699 /* Interactor.swift */; };
		5236A00F28A3BBF900F9A699 /* Presenter.swift in Sources */ = {isa = PBXBuildFile; fileRef = 5236A00E28A3BBF900F9A699 /* Presenter.swift */; };
		5236A01128A3BC0400F9A699 /* Entity.swift in Sources */ = {isa = PBXBuildFile; fileRef = 5236A01028A3BC0400F9A699 /* Entity.swift */; };
		5236A01328A3BC0B00F9A699 /* Router.swift in Sources */ = {isa = PBXBuildFile; fileRef = 5236A01228A3BC0B00F9A699 /* Router.swift */; };
		5236A01628A3C0B200F9A699 /* Constraints.swift in Sources */ = {isa = PBXBuildFile; fileRef = 5236A01528A3C0B200F9A699 /* Constraints.swift */; };
		5236A01928A3FA7700F9A699 /* DetailsView.swift in Sources */ = {isa = PBXBuildFile; fileRef = 5236A01828A3FA7700F9A699 /* DetailsView.swift */; };
/* End PBXBuildFile section */

/* Begin PBXFileReference section */
		52369FF228A3BB7200F9A699 /* VIPER.app */ = {isa = PBXFileReference; explicitFileType = wrapper.application; includeInIndex = 0; path = VIPER.app; sourceTree = BUILT_PRODUCTS_DIR; };
		52369FF528A3BB7200F9A699 /* AppDelegate.swift */ = {isa = PBXFileReference; lastKnownFileType = sourcecode.swift; path = AppDelegate.swift; sourceTree = "<group>"; };
		52369FF728A3BB7200F9A699 /* SceneDelegate.swift */ = {isa = PBXFileReference; lastKnownFileType = sourcecode.swift; path = SceneDelegate.swift; sourceTree = "<group>"; };
		52369FFE28A3BB7500F9A699 /* Assets.xcassets */ = {isa = PBXFileReference; lastKnownFileType = folder.assetcatalog; path = Assets.xcassets; sourceTree = "<group>"; };
		5236A00128A3BB7500F9A699 /* Base */ = {isa = PBXFileReference; lastKnownFileType = file.storyboard; name = Base; path = Base.lproj/LaunchScreen.storyboard; sourceTree = "<group>"; };
		5236A00328A3BB7500F9A699 /* Info.plist */ = {isa = PBXFileReference; lastKnownFileType = text.plist.xml; path = Info.plist; sourceTree = "<group>"; };
		5236A00A28A3BBE100F9A699 /* View.swift */ = {isa = PBXFileReference; lastKnownFileType = sourcecode.swift; path = View.swift; sourceTree = "<group>"; };
		5236A00C28A3BBED00F9A699 /* Interactor.swift */ = {isa = PBXFileReference; lastKnownFileType = sourcecode.swift; path = Interactor.swift; sourceTree = "<group>"; };
		5236A00E28A3BBF900F9A699 /* Presenter.swift */ = {isa = PBXFileReference; lastKnownFileType = sourcecode.swift; path = Presenter.swift; sourceTree = "<group>"; };
		5236A01028A3BC0400F9A699 /* Entity.swift */ = {isa = PBXFileReference; lastKnownFileType = sourcecode.swift; path = Entity.swift; sourceTree = "<group>"; };
		5236A01228A3BC0B00F9A699 /* Router.swift */ = {isa = PBXFileReference; lastKnownFileType = sourcecode.swift; path = Router.swift; sourceTree = "<group>"; };
		5236A01528A3C0B200F9A699 /* Constraints.swift */ = {isa = PBXFileReference; lastKnownFileType = sourcecode.swift; path = Constraints.swift; sourceTree = "<group>"; };
		5236A01828A3FA7700F9A699 /* DetailsView.swift */ = {isa = PBXFileReference; lastKnownFileType = sourcecode.swift; path = DetailsView.swift; sourceTree = "<group>"; };
/* End PBXFileReference section */

/* Begin PBXFrameworksBuildPhase section */
		52369FEF28A3BB7200F9A699 /* Frameworks */ = {
			isa = PBXFrameworksBuildPhase;
			buildActionMask = 2147483647;
			files = (
			);
			runOnlyForDeploymentPostprocessing = 0;
		};
/* End PBXFrameworksBuildPhase section */

/* Begin PBXGroup section */
		52369FE928A3BB7200F9A699 = {
			isa = PBXGroup;
			children = (
				52369FF428A3BB7200F9A699 /* VIPER */,
				52369FF328A3BB7200F9A699 /* Products */,
			);
			sourceTree = "<group>";
		};
		52369FF328A3BB7200F9A699 /* Products */ = {
			isa = PBXGroup;
			children = (
				52369FF228A3BB7200F9A699 /* VIPER.app */,
			);
			name = Products;
			sourceTree = "<group>";
		};
		52369FF428A3BB7200F9A699 /* VIPER */ = {
			isa = PBXGroup;
			children = (
				5236A01728A3FA5800F9A699 /* DetailsSceenArchitecture */,
				5236A01428A3C0A600F9A699 /* Helpers */,
				5236A00928A3BBB800F9A699 /* MainScreenArcitecture */,
				52369FF528A3BB7200F9A699 /* AppDelegate.swift */,
				52369FF728A3BB7200F9A699 /* SceneDelegate.swift */,
				52369FFE28A3BB7500F9A699 /* Assets.xcassets */,
				5236A00028A3BB7500F9A699 /* LaunchScreen.storyboard */,
				5236A00328A3BB7500F9A699 /* Info.plist */,
			);
			path = VIPER;
			sourceTree = "<group>";
		};
		5236A00928A3BBB800F9A699 /* MainScreenArcitecture */ = {
			isa = PBXGroup;
			children = (
				5236A00A28A3BBE100F9A699 /* View.swift */,
				5236A00C28A3BBED00F9A699 /* Interactor.swift */,
				5236A00E28A3BBF900F9A699 /* Presenter.swift */,
				5236A01028A3BC0400F9A699 /* Entity.swift */,
				5236A01228A3BC0B00F9A699 /* Router.swift */,
			);
			path = MainScreenArcitecture;
			sourceTree = "<group>";
		};
		5236A01428A3C0A600F9A699 /* Helpers */ = {
			isa = PBXGroup;
			children = (
				5236A01528A3C0B200F9A699 /* Constraints.swift */,
			);
			path = Helpers;
			sourceTree = "<group>";
		};
		5236A01728A3FA5800F9A699 /* DetailsSceenArchitecture */ = {
			isa = PBXGroup;
			children = (
				5236A01828A3FA7700F9A699 /* DetailsView.swift */,
			);
			path = DetailsSceenArchitecture;
			sourceTree = "<group>";
		};
/* End PBXGroup section */

/* Begin PBXNativeTarget section */
		52369FF128A3BB7200F9A699 /* VIPER */ = {
			isa = PBXNativeTarget;
			buildConfigurationList = 5236A00628A3BB7500F9A699 /* Build configuration list for PBXNativeTarget "VIPER" */;
			buildPhases = (
				52369FEE28A3BB7200F9A699 /* Sources */,
				52369FEF28A3BB7200F9A699 /* Frameworks */,
				52369FF028A3BB7200F9A699 /* Resources */,
			);
			buildRules = (
			);
			dependencies = (
			);
			name = VIPER;
			productName = VIPER;
			productReference = 52369FF228A3BB7200F9A699 /* VIPER.app */;
			productType = "com.apple.product-type.application";
		};
/* End PBXNativeTarget section */

/* Begin PBXProject section */
		52369FEA28A3BB7200F9A699 /* Project object */ = {
			isa = PBXProject;
			attributes = {
				BuildIndependentTargetsInParallel = 1;
				LastSwiftUpdateCheck = 1340;
				LastUpgradeCheck = 1340;
				TargetAttributes = {
					52369FF128A3BB7200F9A699 = {
						CreatedOnToolsVersion = 13.4.1;
					};
				};
			};
			buildConfigurationList = 52369FED28A3BB7200F9A699 /* Build configuration list for PBXProject "VIPER" */;
			compatibilityVersion = "Xcode 13.0";
			developmentRegion = en;
			hasScannedForEncodings = 0;
			knownRegions = (
				en,
				Base,
			);
			mainGroup = 52369FE928A3BB7200F9A699;
			productRefGroup = 52369FF328A3BB7200F9A699 /* Products */;
			projectDirPath = "";
			projectRoot = "";
			targets = (
				52369FF128A3BB7200F9A699 /* VIPER */,
			);
		};
/* End PBXProject section */

/* Begin PBXResourcesBuildPhase section */
		52369FF028A3BB7200F9A699 /* Resources */ = {
			isa = PBXResourcesBuildPhase;
			buildActionMask = 2147483647;
			files = (
				5236A00228A3BB7500F9A699 /* LaunchScreen.storyboard in Resources */,
				52369FFF28A3BB7500F9A699 /* Assets.xcassets in Resources */,
			);
			runOnlyForDeploymentPostprocessing = 0;
		};
/* End PBXResourcesBuildPhase section */

/* Begin PBXSourcesBuildPhase section */
		52369FEE28A3BB7200F9A699 /* Sources */ = {
			isa = PBXSourcesBuildPhase;
			buildActionMask = 2147483647;
			files = (
				5236A01328A3BC0B00F9A699 /* Router.swift in Sources */,
				5236A00F28A3BBF900F9A699 /* Presenter.swift in Sources */,
				5236A01928A3FA7700F9A699 /* DetailsView.swift in Sources */,
				5236A00B28A3BBE100F9A699 /* View.swift in Sources */,
				5236A01128A3BC0400F9A699 /* Entity.swift in Sources */,
				5236A01628A3C0B200F9A699 /* Constraints.swift in Sources */,
				5236A00D28A3BBED00F9A699 /* Interactor.swift in Sources */,
				52369FF628A3BB7200F9A699 /* AppDelegate.swift in Sources */,
				52369FF828A3BB7200F9A699 /* SceneDelegate.swift in Sources */,
			);
			runOnlyForDeploymentPostprocessing = 0;
		};
/* End PBXSourcesBuildPhase section */

/* Begin PBXVariantGroup section */
		5236A00028A3BB7500F9A699 /* LaunchScreen.storyboard */ = {
			isa = PBXVariantGroup;
			children = (
				5236A00128A3BB7500F9A699 /* Base */,
			);
			name = LaunchScreen.storyboard;
			sourceTree = "<group>";
		};
/* End PBXVariantGroup section */

/* Begin XCBuildConfiguration section */
		5236A00428A3BB7500F9A699 /* Debug */ = {
			isa = XCBuildConfiguration;
			buildSettings = {
				ALWAYS_SEARCH_USER_PATHS = NO;
				CLANG_ANALYZER_NONNULL = YES;
				CLANG_ANALYZER_NUMBER_OBJECT_CONVERSION = YES_AGGRESSIVE;
				CLANG_CXX_LANGUAGE_STANDARD = "gnu++17";
				CLANG_ENABLE_MODULES = YES;
				CLANG_ENABLE_OBJC_ARC = YES;
				CLANG_ENABLE_OBJC_WEAK = YES;
				CLANG_WARN_BLOCK_CAPTURE_AUTORELEASING = YES;
				CLANG_WARN_BOOL_CONVERSION = YES;
				CLANG_WARN_COMMA = YES;
				CLANG_WARN_CONSTANT_CONVERSION = YES;
				CLANG_WARN_DEPRECATED_OBJC_IMPLEMENTATIONS = YES;
				CLANG_WARN_DIRECT_OBJC_ISA_USAGE = YES_ERROR;
				CLANG_WARN_DOCUMENTATION_COMMENTS = YES;
				CLANG_WARN_EMPTY_BODY = YES;
				CLANG_WARN_ENUM_CONVERSION = YES;
				CLANG_WARN_INFINITE_RECURSION = YES;
				CLANG_WARN_INT_CONVERSION = YES;
				CLANG_WARN_NON_LITERAL_NULL_CONVERSION = YES;
				CLANG_WARN_OBJC_IMPLICIT_RETAIN_SELF = YES;
				CLANG_WARN_OBJC_LITERAL_CONVERSION = YES;
				CLANG_WARN_OBJC_ROOT_CLASS = YES_ERROR;
				CLANG_WARN_QUOTED_INCLUDE_IN_FRAMEWORK_HEADER = YES;
				CLANG_WARN_RANGE_LOOP_ANALYSIS = YES;
				CLANG_WARN_STRICT_PROTOTYPES = YES;
				CLANG_WARN_SUSPICIOUS_MOVE = YES;
				CLANG_WARN_UNGUARDED_AVAILABILITY = YES_AGGRESSIVE;
				CLANG_WARN_UNREACHABLE_CODE = YES;
				CLANG_WARN__DUPLICATE_METHOD_MATCH = YES;
				COPY_PHASE_STRIP = NO;
				DEBUG_INFORMATION_FORMAT = dwarf;
				ENABLE_STRICT_OBJC_MSGSEND = YES;
				ENABLE_TESTABILITY = YES;
				GCC_C_LANGUAGE_STANDARD = gnu11;
				GCC_DYNAMIC_NO_PIC = NO;
				GCC_NO_COMMON_BLOCKS = YES;
				GCC_OPTIMIZATION_LEVEL = 0;
				GCC_PREPROCESSOR_DEFINITIONS = (
					"DEBUG=1",
					"$(inherited)",
				);
				GCC_WARN_64_TO_32_BIT_CONVERSION = YES;
				GCC_WARN_ABOUT_RETURN_TYPE = YES_ERROR;
				GCC_WARN_UNDECLARED_SELECTOR = YES;
				GCC_WARN_UNINITIALIZED_AUTOS = YES_AGGRESSIVE;
				GCC_WARN_UNUSED_FUNCTION = YES;
				GCC_WARN_UNUSED_VARIABLE = YES;
				IPHONEOS_DEPLOYMENT_TARGET = 15.5;
				MTL_ENABLE_DEBUG_INFO = INCLUDE_SOURCE;
				MTL_FAST_MATH = YES;
				ONLY_ACTIVE_ARCH = YES;
				SDKROOT = iphoneos;
				SWIFT_ACTIVE_COMPILATION_CONDITIONS = DEBUG;
				SWIFT_OPTIMIZATION_LEVEL = "-Onone";
			};
			name = Debug;
		};
		5236A00528A3BB7500F9A699 /* Release */ = {
			isa = XCBuildConfiguration;
			buildSettings = {
				ALWAYS_SEARCH_USER_PATHS = NO;
				CLANG_ANALYZER_NONNULL = YES;
				CLANG_ANALYZER_NUMBER_OBJECT_CONVERSION = YES_AGGRESSIVE;
				CLANG_CXX_LANGUAGE_STANDARD = "gnu++17";
				CLANG_ENABLE_MODULES = YES;
				CLANG_ENABLE_OBJC_ARC = YES;
				CLANG_ENABLE_OBJC_WEAK = YES;
				CLANG_WARN_BLOCK_CAPTURE_AUTORELEASING = YES;
				CLANG_WARN_BOOL_CONVERSION = YES;
				CLANG_WARN_COMMA = YES;
				CLANG_WARN_CONSTANT_CONVERSION = YES;
				CLANG_WARN_DEPRECATED_OBJC_IMPLEMENTATIONS = YES;
				CLANG_WARN_DIRECT_OBJC_ISA_USAGE = YES_ERROR;
				CLANG_WARN_DOCUMENTATION_COMMENTS = YES;
				CLANG_WARN_EMPTY_BODY = YES;
				CLANG_WARN_ENUM_CONVERSION = YES;
				CLANG_WARN_INFINITE_RECURSION = YES;
				CLANG_WARN_INT_CONVERSION = YES;
				CLANG_WARN_NON_LITERAL_NULL_CONVERSION = YES;
				CLANG_WARN_OBJC_IMPLICIT_RETAIN_SELF = YES;
				CLANG_WARN_OBJC_LITERAL_CONVERSION = YES;
				CLANG_WARN_OBJC_ROOT_CLASS = YES_ERROR;
				CLANG_WARN_QUOTED_INCLUDE_IN_FRAMEWORK_HEADER = YES;
				CLANG_WARN_RANGE_LOOP_ANALYSIS = YES;
				CLANG_WARN_STRICT_PROTOTYPES = YES;
				CLANG_WARN_SUSPICIOUS_MOVE = YES;
				CLANG_WARN_UNGUARDED_AVAILABILITY = YES_AGGRESSIVE;
				CLANG_WARN_UNREACHABLE_CODE = YES;
				CLANG_WARN__DUPLICATE_METHOD_MATCH = YES;
				COPY_PHASE_STRIP = NO;
				DEBUG_INFORMATION_FORMAT = "dwarf-with-dsym";
				ENABLE_NS_ASSERTIONS = NO;
				ENABLE_STRICT_OBJC_MSGSEND = YES;
				GCC_C_LANGUAGE_STANDARD = gnu11;
				GCC_NO_COMMON_BLOCKS = YES;
				GCC_WARN_64_TO_32_BIT_CONVERSION = YES;
				GCC_WARN_ABOUT_RETURN_TYPE = YES_ERROR;
				GCC_WARN_UNDECLARED_SELECTOR = YES;
				GCC_WARN_UNINITIALIZED_AUTOS = YES_AGGRESSIVE;
				GCC_WARN_UNUSED_FUNCTION = YES;
				GCC_WARN_UNUSED_VARIABLE = YES;
				IPHONEOS_DEPLOYMENT_TARGET = 15.5;
				MTL_ENABLE_DEBUG_INFO = NO;
				MTL_FAST_MATH = YES;
				SDKROOT = iphoneos;
				SWIFT_COMPILATION_MODE = wholemodule;
				SWIFT_OPTIMIZATION_LEVEL = "-O";
				VALIDATE_PRODUCT = YES;
			};
			name = Release;
		};
		5236A00728A3BB7500F9A699 /* Debug */ = {
			isa = XCBuildConfiguration;
			buildSettings = {
				ASSETCATALOG_COMPILER_APPICON_NAME = AppIcon;
				ASSETCATALOG_COMPILER_GLOBAL_ACCENT_COLOR_NAME = AccentColor;
				CODE_SIGN_STYLE = Automatic;
				CURRENT_PROJECT_VERSION = 1;
				GENERATE_INFOPLIST_FILE = YES;
				INFOPLIST_FILE = VIPER/Info.plist;
				INFOPLIST_KEY_UIApplicationSupportsIndirectInputEvents = YES;
				INFOPLIST_KEY_UILaunchStoryboardName = LaunchScreen;
				INFOPLIST_KEY_UISupportedInterfaceOrientations_iPad = "UIInterfaceOrientationPortrait UIInterfaceOrientationPortraitUpsideDown UIInterfaceOrientationLandscapeLeft UIInterfaceOrientationLandscapeRight";
				INFOPLIST_KEY_UISupportedInterfaceOrientations_iPhone = "UIInterfaceOrientationPortrait UIInterfaceOrientationLandscapeLeft UIInterfaceOrientationLandscapeRight";
				LD_RUNPATH_SEARCH_PATHS = (
					"$(inherited)",
					"@executable_path/Frameworks",
				);
				MARKETING_VERSION = 1.0;
				PRODUCT_BUNDLE_IDENTIFIER = DevBorisElkin.VIPER;
				PRODUCT_NAME = "$(TARGET_NAME)";
				SWIFT_EMIT_LOC_STRINGS = YES;
				SWIFT_VERSION = 5.0;
				TARGETED_DEVICE_FAMILY = "1,2";
			};
			name = Debug;
		};
		5236A00828A3BB7500F9A699 /* Release */ = {
			isa = XCBuildConfiguration;
			buildSettings = {
				ASSETCATALOG_COMPILER_APPICON_NAME = AppIcon;
				ASSETCATALOG_COMPILER_GLOBAL_ACCENT_COLOR_NAME = AccentColor;
				CODE_SIGN_STYLE = Automatic;
				CURRENT_PROJECT_VERSION = 1;
				GENERATE_INFOPLIST_FILE = YES;
				INFOPLIST_FILE = VIPER/Info.plist;
				INFOPLIST_KEY_UIApplicationSupportsIndirectInputEvents = YES;
				INFOPLIST_KEY_UILaunchStoryboardName = LaunchScreen;
				INFOPLIST_KEY_UISupportedInterfaceOrientations_iPad = "UIInterfaceOrientationPortrait UIInterfaceOrientationPortraitUpsideDown UIInterfaceOrientationLandscapeLeft UIInterfaceOrientationLandscapeRight";
				INFOPLIST_KEY_UISupportedInterfaceOrientations_iPhone = "UIInterfaceOrientationPortrait UIInterfaceOrientationLandscapeLeft UIInterfaceOrientationLandscapeRight";
				LD_RUNPATH_SEARCH_PATHS = (
					"$(inherited)",
					"@executable_path/Frameworks",
				);
				MARKETING_VERSION = 1.0;
				PRODUCT_BUNDLE_IDENTIFIER = DevBorisElkin.VIPER;
				PRODUCT_NAME = "$(TARGET_NAME)";
				SWIFT_EMIT_LOC_STRINGS = YES;
				SWIFT_VERSION = 5.0;
				TARGETED_DEVICE_FAMILY = "1,2";
			};
			name = Release;
		};
/* End XCBuildConfiguration section */

/* Begin XCConfigurationList section */
		52369FED28A3BB7200F9A699 /* Build configuration list for PBXProject "VIPER" */ = {
			isa = XCConfigurationList;
			buildConfigurations = (
				5236A00428A3BB7500F9A699 /* Debug */,
				5236A00528A3BB7500F9A699 /* Release */,
			);
			defaultConfigurationIsVisible = 0;
			defaultConfigurationName = Release;
		};
		5236A00628A3BB7500F9A699 /* Build configuration list for PBXNativeTarget "VIPER" */ = {
			isa = XCConfigurationList;
			buildConfigurations = (
				5236A00728A3BB7500F9A699 /* Debug */,
				5236A00828A3BB7500F9A699 /* Release */,
			);
			defaultConfigurationIsVisible = 0;
			defaultConfigurationName = Release;
		};
/* End XCConfigurationList section */
	};
	rootObject = 52369FEA28A3BB7200F9A699 /* Project object */;
}
